[[package]]
name = "fanstatic"
version = "1.2"
description = "Flexible static resources for web applications"
category = "main"
optional = false
python-versions = "*"

[package.dependencies]
shutilwhich = "*"
WebOb = ">=1.2"

[package.extras]
closure = ["closure"]
cssmin = ["cssmin"]
jsmin = ["jsmin"]
test = ["closure", "cssmin", "jsmin", "pytest (>=2.3)"]

[[package]]
name = "js"
version = "1.0"
description = "Root directory for Fanstatic packages"
category = "main"
optional = false
python-versions = "*"

[package.dependencies]
fanstatic = "*"

[[package]]
name = "packaging"
version = "21.3"
description = "Core utilities for Python packages"
category = "main"
optional = false
python-versions = ">=3.6"

[package.dependencies]
pyparsing = ">=2.0.2,<3.0.5 || >3.0.5"

[[package]]
name = "proxy-tools"
version = "0.1.0"
description = "Proxy Implementation"
category = "main"
optional = false
python-versions = "*"

[[package]]
name = "pycparser"
version = "2.21"
description = "C parser in Python"
category = "main"
optional = false
python-versions = ">=2.7, !=3.0.*, !=3.1.*, !=3.2.*, !=3.3.*"

[[package]]
name = "pyobjc-core"
version = "8.5"
description = "Python<->ObjC Interoperability Module"
category = "main"
optional = false
python-versions = ">=3.6"

[[package]]
name = "pyobjc-framework-cocoa"
version = "8.5"
description = "Wrappers for the Cocoa frameworks on macOS"
category = "main"
optional = false
python-versions = ">=3.6"

[package.dependencies]
pyobjc-core = ">=8.5"

[[package]]
name = "pyobjc-framework-webkit"
version = "8.5"
description = "Wrappers for the framework WebKit on macOS"
category = "main"
optional = false
python-versions = ">=3.6"

[package.dependencies]
pyobjc-core = ">=8.5"
pyobjc-framework-Cocoa = ">=8.5"

[[package]]
name = "pyparsing"
version = "3.0.9"
description = "pyparsing module - Classes and methods to define and execute parsing grammars"
category = "main"
optional = false
python-versions = ">=3.6.8"

[package.extras]
diagrams = ["railroad-diagrams", "jinja2"]

[[package]]
name = "pythonnet"
version = "2.5.2"
description = ".Net and Mono integration for Python"
category = "main"
optional = false
python-versions = "*"

[package.dependencies]
pycparser = "*"

[[package]]
name = "pywebview"
version = "3.6.3"
description = "Build GUI for your Python program with JavaScript, HTML, and CSS."
category = "main"
optional = false
python-versions = "*"

[package.dependencies]
proxy-tools = "*"
pyobjc-core = {version = "*", markers = "sys_platform == \"darwin\""}
pyobjc-framework-Cocoa = {version = "*", markers = "sys_platform == \"darwin\""}
pyobjc-framework-WebKit = {version = "*", markers = "sys_platform == \"darwin\""}
pythonnet = {version = "*", markers = "sys_platform == \"win32\""}
QtPy = {version = "*", markers = "sys_platform == \"openbsd6\""}

[package.extras]
cef = ["cefpython3"]
gtk = ["pygobject"]
pyside2 = ["qtpy", "pyside2"]
pyside6 = ["qtpy", "pyside6"]
qt = ["qtpy", "pyqt5", "pyqtwebengine"]

[[package]]
name = "qtpy"
version = "2.1.0"
description = "Provides an abstraction layer on top of the various Qt bindings (PyQt5/6 and PySide2/6)."
category = "main"
optional = false
python-versions = ">=3.7"

[package.dependencies]
packaging = "*"

[package.extras]
test = ["pytest (>=6,!=7.0.0,!=7.0.1)", "pytest-cov (>=3.0.0)", "pytest-qt"]

[[package]]
name = "shutilwhich"
version = "1.1.0"
description = "shutil.which for those not using Python 3.3 yet."
category = "main"
optional = false
python-versions = "*"

[[package]]
name = "webob"
version = "1.8.7"
description = "WSGI request and response object"
category = "main"
optional = false
python-versions = ">=2.7,!=3.0.*,!=3.1.*,!=3.2.*"

[package.extras]
docs = ["Sphinx (>=1.7.5)", "pylons-sphinx-themes"]
testing = ["pytest (>=3.1.0)", "coverage", "pytest-cov", "pytest-xdist"]

[metadata]
lock-version = "1.1"
python-versions = "^3.10"
content-hash = "f365f724ad130ff1125c2029a56d57041fa9bea13f8b3f93b862ce2c4f5b4c80"

[metadata.files]
fanstatic = [
    {file = "fanstatic-1.2-py2.py3-none-any.whl", hash = "sha256:56d523e8a9849f3e565a536781e84710030eebc9ca30ab99f2d458eff5d91f94"},
    {file = "fanstatic-1.2.tar.gz", hash = "sha256:a55b165c76b53272f0b7e40fbbd074f38cf2dc56c7628e8fcfa1f82f35f2b1b7"},
]
js = [
    {file = "js-1.0.tar.gz", hash = "sha256:9bade58e82ec88443ad9dd375674ef0d9597dfa6c773897e9019ebedc54d1f00"},
]
packaging = [
    {file = "packaging-21.3-py3-none-any.whl", hash = "sha256:ef103e05f519cdc783ae24ea4e2e0f508a9c99b2d4969652eed6a2e1ea5bd522"},
    {file = "packaging-21.3.tar.gz", hash = "sha256:dd47c42927d89ab911e606518907cc2d3a1f38bbd026385970643f9c5b8ecfeb"},
]
proxy-tools = [
    {file = "proxy_tools-0.1.0.tar.gz", hash = "sha256:ccb3751f529c047e2d8a58440d86b205303cf0fe8146f784d1cbcd94f0a28010"},
]
pycparser = [
    {file = "pycparser-2.21-py2.py3-none-any.whl", hash = "sha256:8ee45429555515e1f6b185e78100aea234072576aa43ab53aefcae078162fca9"},
    {file = "pycparser-2.21.tar.gz", hash = "sha256:e644fdec12f7872f86c58ff790da456218b10f863970249516d60a5eaca77206"},
]
pyobjc-core = [
    {file = "pyobjc-core-8.5.tar.gz", hash = "sha256:704c275439856c0d1287469f0d589a7d808d48b754a93d9ce5415d4eaf06d576"},
    {file = "pyobjc_core-8.5-cp310-cp310-macosx_10_9_universal2.whl", hash = "sha256:0c234143b48334443f5adcf26e668945a6d47bc1fa6223e80918c6c735a029d9"},
    {file = "pyobjc_core-8.5-cp36-cp36m-macosx_10_9_x86_64.whl", hash = "sha256:1486ee533f0d76f666804ce89723ada4db56bfde55e56151ba512d3f849857f8"},
    {file = "pyobjc_core-8.5-cp37-cp37m-macosx_10_9_x86_64.whl", hash = "sha256:412de06dfa728301c04b3e46fd7453320a8ae8b862e85236e547cd797a73b490"},
    {file = "pyobjc_core-8.5-cp38-cp38-macosx_10_9_x86_64.whl", hash = "sha256:0b3e09cccb1be574a82cc9f929ae27fc4283eccc75496cb5d51534caa6bb83a3"},
    {file = "pyobjc_core-8.5-cp38-cp38-macosx_11_0_universal2.whl", hash = "sha256:eeafe21f879666ab7f57efcc6b007c9f5f8733d367b7e380c925203ed83f000d"},
    {file = "pyobjc_core-8.5-cp39-cp39-macosx_10_9_universal2.whl", hash = "sha256:c0071686976d7ea8c14690950e504a13cb22b4ebb2bc7b5ec47c1c1c0f6eff41"},
]
pyobjc-framework-cocoa = [
    {file = "pyobjc-framework-Cocoa-8.5.tar.gz", hash = "sha256:569bd3a020f64b536fb2d1c085b37553e50558c9f907e08b73ffc16ae68e1861"},
    {file = "pyobjc_framework_Cocoa-8.5-cp310-cp310-macosx_10_9_universal2.whl", hash = "sha256:7a7c160416696bf6035dfcdf0e603aaa52858d6afcddfcc5ab41733619ac2529"},
    {file = "pyobjc_framework_Cocoa-8.5-cp36-cp36m-macosx_10_9_x86_64.whl", hash = "sha256:6ceba444282030be8596b812260e8d28b671254a51052ad778d32da6e17db847"},
    {file = "pyobjc_framework_Cocoa-8.5-cp37-cp37m-macosx_10_9_x86_64.whl", hash = "sha256:f46b2b161b8dd40c7b9e00bc69636c3e6480b2704a69aee22ee0154befbe163a"},
    {file = "pyobjc_framework_Cocoa-8.5-cp38-cp38-macosx_10_9_x86_64.whl", hash = "sha256:b31d425aee8698cbf62b187338f5ca59427fa4dca2153a73866f7cb410713119"},
    {file = "pyobjc_framework_Cocoa-8.5-cp38-cp38-macosx_11_0_universal2.whl", hash = "sha256:898359ac1f76eedec8aa156847682378a8950824421c40edb89391286e607dc4"},
    {file = "pyobjc_framework_Cocoa-8.5-cp39-cp39-macosx_10_9_universal2.whl", hash = "sha256:baa2947f76b119a3360973d74d57d6dada87ac527bab9a88f31596af392f123c"},
]
pyobjc-framework-webkit = [
    {file = "pyobjc-framework-WebKit-8.5.tar.gz", hash = "sha256:b9c6d654be8a9be56abf72219b53ec40255ff77dcb610ab31d546632cccd740d"},
    {file = "pyobjc_framework_WebKit-8.5-cp36-abi3-macosx_10_9_universal2.whl", hash = "sha256:cf7d61bcbfb280dc6bd35d91a121af77ee37ce9f43d2ff6b2fa65de9f2a2b4ab"},
    {file = "pyobjc_framework_WebKit-8.5-cp36-abi3-macosx_10_9_x86_64.whl", hash = "sha256:ee5b581d79166cbc186541981222949aef381d09af8d98f2d7b59cc97ac7bc0e"},
    {file = "pyobjc_framework_WebKit-8.5-cp36-abi3-macosx_11_0_universal2.whl", hash = "sha256:80357505d2724b753f36271a53b2628f6e10b80257cc7b426308cfa8a1054f69"},
]
pyparsing = [
    {file = "pyparsing-3.0.9-py3-none-any.whl", hash = "sha256:5026bae9a10eeaefb61dab2f09052b9f4307d44aee4eda64b309723d8d206bbc"},
    {file = "pyparsing-3.0.9.tar.gz", hash = "sha256:2b020ecf7d21b687f219b71ecad3631f644a47f01403fa1d1036b0c6416d70fb"},
]
pythonnet = [
    {file = "pythonnet-2.5.2-cp27-cp27m-win32.whl", hash = "sha256:d519bbc7b1cd3999651efc594d91cb67c46d1d8466dad3d83b578102e58d05bd"},
    {file = "pythonnet-2.5.2-cp27-cp27m-win_amd64.whl", hash = "sha256:c02f53d0e61b202cddf3198fac9553d5b4ee0ea0cc4fe658c2ed69ab24def276"},
    {file = "pythonnet-2.5.2-cp35-cp35m-win32.whl", hash = "sha256:840bdef89b378663d73f74f18895b6d8630d1f5671457a1db5ffb68179d85582"},
    {file = "pythonnet-2.5.2-cp35-cp35m-win_amd64.whl", hash = "sha256:d8e5b27de1e2cfb69b88782ac5cdf605b1a73598a85d86570e46961126628dbb"},
    {file = "pythonnet-2.5.2-cp36-cp36m-win32.whl", hash = "sha256:62645c29840c4a877d66e047f3e065b2e5a1a66431a99bce8d42a5af3a093ee1"},
    {file = "pythonnet-2.5.2-cp36-cp36m-win_amd64.whl", hash = "sha256:058e536062d1585d07ec5f2cf16aefcfc8eb8179faa90e5db0063d358469d025"},
    {file = "pythonnet-2.5.2-cp37-cp37m-win32.whl", hash = "sha256:cc77fc63e2afb0a80199ab44ced4fdfb78c19d8030063c345c80740d15380dd9"},
    {file = "pythonnet-2.5.2-cp37-cp37m-win_amd64.whl", hash = "sha256:80c8f5c9bd10440a73eb6aedbbacb2f3dd7701b474816f5ef7636f529d838d38"},
    {file = "pythonnet-2.5.2-cp38-cp38-win32.whl", hash = "sha256:41a607b7304e9efc6d4d8db438d6018a17c6637e8b8998848ff5c2a7a1b4687c"},
    {file = "pythonnet-2.5.2-cp38-cp38-win_amd64.whl", hash = "sha256:00a4fed9fc05b4efbe8947c79dc0799cffbca4c89e3e068e70b6618f20c906f2"},
    {file = "pythonnet-2.5.2.tar.gz", hash = "sha256:b7287480a1f6ae4b6fc80d775446d8af00e051ca1646b6cc3d32c5d3a461ede3"},
]
pywebview = [
    {file = "pywebview-3.6.3-py3-none-any.whl", hash = "sha256:4316aec32801a48a7a1ec6f70575c0b69854d76b090033530b70581ed3d545d7"},
    {file = "pywebview-3.6.3.tar.gz", hash = "sha256:edc82f0ce79f6514411c32f7057b2d5f99f1e9f6b15a373c3c1bf403b327b093"},
]
qtpy = [
    {file = "QtPy-2.1.0-py3-none-any.whl", hash = "sha256:aee0586081f943029312becece9f63977b0a9e3788f77a6ac8cc74802bb173d6"},
    {file = "QtPy-2.1.0.tar.gz", hash = "sha256:ca8cd4217175186344299ee4c0f7e7adcf362c70852ba35b255a534077025c06"},
]
shutilwhich = [
    {file = "shutilwhich-1.1.0.tar.gz", hash = "sha256:db1f39c6461e42f630fa617bb8c79090f7711c9ca493e615e43d0610ecb64dc6"},
]
webob = [
    {file = "WebOb-1.8.7-py2.py3-none-any.whl", hash = "sha256:73aae30359291c14fa3b956f8b5ca31960e420c28c1bec002547fb04928cf89b"},
    {file = "WebOb-1.8.7.tar.gz", hash = "sha256:b64ef5141be559cfade448f044fa45c2260351edcb6a8ef6b7e00c7dcef0c323"},
]
